
Microsoft Visual Studio Solution File, Format Version 12.00
# Visual Studio Version 16
VisualStudioVersion = 16.0.32901.82
MinimumVisualStudioVersion = 10.0.40219.1
Project("{FAE04EC0-301F-11D3-BF4B-00C04F79EFBC}") = "Front-to-back", "Front-to-back\Front-to-back.csproj", "{68DD6C05-C294-4F92-A5A3-E8A72080A0C1}"
EndProject
Global
	GlobalSection(SolutionConfigurationPlatforms) = preSolution
		Debug|Any CPU = Debug|Any CPU
		Release|Any CPU = Release|Any CPU
	EndGlobalSection
	GlobalSection(ProjectConfigurationPlatforms) = postSolution
		{68DD6C05-C294-4F92-A5A3-E8A72080A0C1}.Debug|Any CPU.ActiveCfg = Debug|Any CPU
		{68DD6C05-C294-4F92-A5A3-E8A72080A0C1}.Debug|Any CPU.Build.0 = Debug|Any CPU
		{68DD6C05-C294-4F92-A5A3-E8A72080A0C1}.Release|Any CPU.ActiveCfg = Release|Any CPU
		{68DD6C05-C294-4F92-A5A3-E8A72080A0C1}.Release|Any CPU.Build.0 = Release|Any CPU
	EndGlobalSection
	GlobalSection(SolutionProperties) = preSolution
		HideSolutionNode = FALSE
	EndGlobalSection
	GlobalSection(ExtensibilityGlobals) = postSolution
		SolutionGuid = {DA45097F-1418-4113-8E1E-A183B341F86F}
	EndGlobalSection
EndGlobal
